// !$*UTF8*$!
{
	archiveVersion = 1;
	classes = {
	};
	objectVersion = 50;
	objects = {

/* Begin PBXBuildFile section */
		6FE6594D2527291200883532 /* TicTacaToeApp.swift in Sources */ = {isa = PBXBuildFile; fileRef = 6FE6594C2527291200883532 /* TicTacaToeApp.swift */; };
		6FE6594F2527291200883532 /* ContentView.swift in Sources */ = {isa = PBXBuildFile; fileRef = 6FE6594E2527291200883532 /* ContentView.swift */; };
		6FE659512527291600883532 /* Assets.xcassets in Resources */ = {isa = PBXBuildFile; fileRef = 6FE659502527291600883532 /* Assets.xcassets */; };
		6FE659542527291600883532 /* Preview Assets.xcassets in Resources */ = {isa = PBXBuildFile; fileRef = 6FE659532527291600883532 /* Preview Assets.xcassets */; };
		6FE6595F2527291600883532 /* TicTacaToeTests.swift in Sources */ = {isa = PBXBuildFile; fileRef = 6FE6595E2527291600883532 /* TicTacaToeTests.swift */; };
		6FE6596A2527291700883532 /* TicTacaToeUITests.swift in Sources */ = {isa = PBXBuildFile; fileRef = 6FE659692527291700883532 /* TicTacaToeUITests.swift */; };
		6FE6597B2527422800883532 /* TicTacToeView.swift in Sources */ = {isa = PBXBuildFile; fileRef = 6FE6597A2527422800883532 /* TicTacToeView.swift */; };
/* End PBXBuildFile section */

/* Begin PBXContainerItemProxy section */
		6FE6595B2527291600883532 /* PBXContainerItemProxy */ = {
			isa = PBXContainerItemProxy;
			containerPortal = 6FE659412527291100883532 /* Project object */;
			proxyType = 1;
			remoteGlobalIDString = 6FE659482527291200883532;
			remoteInfo = TicTacaToe;
		};
		6FE659662527291700883532 /* PBXContainerItemProxy */ = {
			isa = PBXContainerItemProxy;
			containerPortal = 6FE659412527291100883532 /* Project object */;
			proxyType = 1;
			remoteGlobalIDString = 6FE659482527291200883532;
			remoteInfo = TicTacaToe;
		};
/* End PBXContainerItemProxy section */

/* Begin PBXFileReference section */
		6FE659492527291200883532 /* TicTacaToe.app */ = {isa = PBXFileReference; explicitFileType = wrapper.application; includeInIndex = 0; path = TicTacaToe.app; sourceTree = BUILT_PRODUCTS_DIR; };
		6FE6594C2527291200883532 /* TicTacaToeApp.swift */ = {isa = PBXFileReference; lastKnownFileType = sourcecode.swift; path = TicTacaToeApp.swift; sourceTree = "<group>"; };
		6FE6594E2527291200883532 /* ContentView.swift */ = {isa = PBXFileReference; lastKnownFileType = sourcecode.swift; path = ContentView.swift; sourceTree = "<group>"; };
		6FE659502527291600883532 /* Assets.xcassets */ = {isa = PBXFileReference; lastKnownFileType = folder.assetcatalog; path = Assets.xcassets; sourceTree = "<group>"; };
		6FE659532527291600883532 /* Preview Assets.xcassets */ = {isa = PBXFileReference; lastKnownFileType = folder.assetcatalog; path = "Preview Assets.xcassets"; sourceTree = "<group>"; };
		6FE659552527291600883532 /* Info.plist */ = {isa = PBXFileReference; lastKnownFileType = text.plist.xml; path = Info.plist; sourceTree = "<group>"; };
		6FE6595A2527291600883532 /* TicTacaToeTests.xctest */ = {isa = PBXFileReference; explicitFileType = wrapper.cfbundle; includeInIndex = 0; path = TicTacaToeTests.xctest; sourceTree = BUILT_PRODUCTS_DIR; };
		6FE6595E2527291600883532 /* TicTacaToeTests.swift */ = {isa = PBXFileReference; lastKnownFileType = sourcecode.swift; path = TicTacaToeTests.swift; sourceTree = "<group>"; };
		6FE659602527291600883532 /* Info.plist */ = {isa = PBXFileReference; lastKnownFileType = text.plist.xml; path = Info.plist; sourceTree = "<group>"; };
		6FE659652527291700883532 /* TicTacaToeUITests.xctest */ = {isa = PBXFileReference; explicitFileType = wrapper.cfbundle; includeInIndex = 0; path = TicTacaToeUITests.xctest; sourceTree = BUILT_PRODUCTS_DIR; };
		6FE659692527291700883532 /* TicTacaToeUITests.swift */ = {isa = PBXFileReference; lastKnownFileType = sourcecode.swift; path = TicTacaToeUITests.swift; sourceTree = "<group>"; };
		6FE6596B2527291700883532 /* Info.plist */ = {isa = PBXFileReference; lastKnownFileType = text.plist.xml; path = Info.plist; sourceTree = "<group>"; };
		6FE6597A2527422800883532 /* TicTacToeView.swift */ = {isa = PBXFileReference; lastKnownFileType = sourcecode.swift; path = TicTacToeView.swift; sourceTree = "<group>"; };
/* End PBXFileReference section */

/* Begin PBXFrameworksBuildPhase section */
		6FE659462527291200883532 /* Frameworks */ = {
			isa = PBXFrameworksBuildPhase;
			buildActionMask = 2147483647;
			files = (
			);
			runOnlyForDeploymentPostprocessing = 0;
		};
		6FE659572527291600883532 /* Frameworks */ = {
			isa = PBXFrameworksBuildPhase;
			buildActionMask = 2147483647;
			files = (
			);
			runOnlyForDeploymentPostprocessing = 0;
		};
		6FE659622527291700883532 /* Frameworks */ = {
			isa = PBXFrameworksBuildPhase;
			buildActionMask = 2147483647;
			files = (
			);
			runOnlyForDeploymentPostprocessing = 0;
		};
/* End PBXFrameworksBuildPhase section */

/* Begin PBXGroup section */
		6FE659402527291100883532 = {
			isa = PBXGroup;
			children = (
				6FE6594B2527291200883532 /* TicTacaToe */,
				6FE6595D2527291600883532 /* TicTacaToeTests */,
				6FE659682527291700883532 /* TicTacaToeUITests */,
				6FE6594A2527291200883532 /* Products */,
			);
			sourceTree = "<group>";
		};
		6FE6594A2527291200883532 /* Products */ = {
			isa = PBXGroup;
			children = (
				6FE659492527291200883532 /* TicTacaToe.app */,
				6FE6595A2527291600883532 /* TicTacaToeTests.xctest */,
				6FE659652527291700883532 /* TicTacaToeUITests.xctest */,
			);
			name = Products;
			sourceTree = "<group>";
		};
		6FE6594B2527291200883532 /* TicTacaToe */ = {
			isa = PBXGroup;
			children = (
				6FE6594C2527291200883532 /* TicTacaToeApp.swift */,
				6FE6594E2527291200883532 /* ContentView.swift */,
				6FE6597A2527422800883532 /* TicTacToeView.swift */,
				6FE659502527291600883532 /* Assets.xcassets */,
				6FE659552527291600883532 /* Info.plist */,
				6FE659522527291600883532 /* Preview Content */,
			);
			path = TicTacaToe;
			sourceTree = "<group>";
		};
		6FE659522527291600883532 /* Preview Content */ = {
			isa = PBXGroup;
			children = (
				6FE659532527291600883532 /* Preview Assets.xcassets */,
			);
			path = "Preview Content";
			sourceTree = "<group>";
		};
		6FE6595D2527291600883532 /* TicTacaToeTests */ = {
			isa = PBXGroup;
			children = (
				6FE6595E2527291600883532 /* TicTacaToeTests.swift */,
				6FE659602527291600883532 /* Info.plist */,
			);
			path = TicTacaToeTests;
			sourceTree = "<group>";
		};
		6FE659682527291700883532 /* TicTacaToeUITests */ = {
			isa = PBXGroup;
			children = (
				6FE659692527291700883532 /* TicTacaToeUITests.swift */,
				6FE6596B2527291700883532 /* Info.plist */,
			);
			path = TicTacaToeUITests;
			sourceTree = "<group>";
		};
/* End PBXGroup section */

/* Begin PBXNativeTarget section */
		6FE659482527291200883532 /* TicTacaToe */ = {
			isa = PBXNativeTarget;
			buildConfigurationList = 6FE6596E2527291700883532 /* Build configuration list for PBXNativeTarget "TicTacaToe" */;
			buildPhases = (
				6FE659452527291200883532 /* Sources */,
				6FE659462527291200883532 /* Frameworks */,
				6FE659472527291200883532 /* Resources */,
			);
			buildRules = (
			);
			dependencies = (
			);
			name = TicTacaToe;
			productName = TicTacaToe;
			productReference = 6FE659492527291200883532 /* TicTacaToe.app */;
			productType = "com.apple.product-type.application";
		};
		6FE659592527291600883532 /* TicTacaToeTests */ = {
			isa = PBXNativeTarget;
			buildConfigurationList = 6FE659712527291700883532 /* Build configuration list for PBXNativeTarget "TicTacaToeTests" */;
			buildPhases = (
				6FE659562527291600883532 /* Sources */,
				6FE659572527291600883532 /* Frameworks */,
				6FE659582527291600883532 /* Resources */,
			);
			buildRules = (
			);
			dependencies = (
				6FE6595C2527291600883532 /* PBXTargetDependency */,
			);
			name = TicTacaToeTests;
			productName = TicTacaToeTests;
			productReference = 6FE6595A2527291600883532 /* TicTacaToeTests.xctest */;
			productType = "com.apple.product-type.bundle.unit-test";
		};
		6FE659642527291700883532 /* TicTacaToeUITests */ = {
			isa = PBXNativeTarget;
			buildConfigurationList = 6FE659742527291700883532 /* Build configuration list for PBXNativeTarget "TicTacaToeUITests" */;
			buildPhases = (
				6FE659612527291700883532 /* Sources */,
				6FE659622527291700883532 /* Frameworks */,
				6FE659632527291700883532 /* Resources */,
			);
			buildRules = (
			);
			dependencies = (
				6FE659672527291700883532 /* PBXTargetDependency */,
			);
			name = TicTacaToeUITests;
			productName = TicTacaToeUITests;
			productReference = 6FE659652527291700883532 /* TicTacaToeUITests.xctest */;
			productType = "com.apple.product-type.bundle.ui-testing";
		};
/* End PBXNativeTarget section */

/* Begin PBXProject section */
		6FE659412527291100883532 /* Project object */ = {
			isa = PBXProject;
			attributes = {
				LastSwiftUpdateCheck = 1200;
				LastUpgradeCheck = 1200;
				TargetAttributes = {
					6FE659482527291200883532 = {
						CreatedOnToolsVersion = 12.0;
					};
					6FE659592527291600883532 = {
						CreatedOnToolsVersion = 12.0;
						TestTargetID = 6FE659482527291200883532;
					};
					6FE659642527291700883532 = {
						CreatedOnToolsVersion = 12.0;
						TestTargetID = 6FE659482527291200883532;
					};
				};
			};
			buildConfigurationList = 6FE659442527291100883532 /* Build configuration list for PBXProject "TicTacaToe" */;
			compatibilityVersion = "Xcode 9.3";
			developmentRegion = en;
			hasScannedForEncodings = 0;
			knownRegions = (
				en,
				Base,
			);
			mainGroup = 6FE659402527291100883532;
			productRefGroup = 6FE6594A2527291200883532 /* Products */;
			projectDirPath = "";
			projectRoot = "";
			targets = (
				6FE659482527291200883532 /* TicTacaToe */,
				6FE659592527291600883532 /* TicTacaToeTests */,
				6FE659642527291700883532 /* TicTacaToeUITests */,
			);
		};
/* End PBXProject section */

/* Begin PBXResourcesBuildPhase section */
		6FE659472527291200883532 /* Resources */ = {
			isa = PBXResourcesBuildPhase;
			buildActionMask = 2147483647;
			files = (
				6FE659542527291600883532 /* Preview Assets.xcassets in Resources */,
				6FE659512527291600883532 /* Assets.xcassets in Resources */,
			);
			runOnlyForDeploymentPostprocessing = 0;
		};
		6FE659582527291600883532 /* Resources */ = {
			isa = PBXResourcesBuildPhase;
			buildActionMask = 2147483647;
			files = (
			);
			runOnlyForDeploymentPostprocessing = 0;
		};
		6FE659632527291700883532 /* Resources */ = {
			isa = PBXResourcesBuildPhase;
			buildActionMask = 2147483647;
			files = (
			);
			runOnlyForDeploymentPostprocessing = 0;
		};
/* End PBXResourcesBuildPhase section */

/* Begin PBXSourcesBuildPhase section */
		6FE659452527291200883532 /* Sources */ = {
			isa = PBXSourcesBuildPhase;
			buildActionMask = 2147483647;
			files = (
				6FE6597B2527422800883532 /* TicTacToeView.swift in Sources */,
				6FE6594F2527291200883532 /* ContentView.swift in Sources */,
				6FE6594D2527291200883532 /* TicTacaToeApp.swift in Sources */,
			);
			runOnlyForDeploymentPostprocessing = 0;
		};
		6FE659562527291600883532 /* Sources */ = {
			isa = PBXSourcesBuildPhase;
			buildActionMask = 2147483647;
			files = (
				6FE6595F2527291600883532 /* TicTacaToeTests.swift in Sources */,
			);
			runOnlyForDeploymentPostprocessing = 0;
		};
		6FE659612527291700883532 /* Sources */ = {
			isa = PBXSourcesBuildPhase;
			buildActionMask = 2147483647;
			files = (
				6FE6596A2527291700883532 /* TicTacaToeUITests.swift in Sources */,
			);
			runOnlyForDeploymentPostprocessing = 0;
		};
/* End PBXSourcesBuildPhase section */

/* Begin PBXTargetDependency section */
		6FE6595C2527291600883532 /* PBXTargetDependency */ = {
			isa = PBXTargetDependency;
			target = 6FE659482527291200883532 /* TicTacaToe */;
			targetProxy = 6FE6595B2527291600883532 /* PBXContainerItemProxy */;
		};
		6FE659672527291700883532 /* PBXTargetDependency */ = {
			isa = PBXTargetDependency;
			target = 6FE659482527291200883532 /* TicTacaToe */;
			targetProxy = 6FE659662527291700883532 /* PBXContainerItemProxy */;
		};
/* End PBXTargetDependency section */

/* Begin XCBuildConfiguration section */
		6FE6596C2527291700883532 /* Debug */ = {
			isa = XCBuildConfiguration;
			buildSettings = {
				ALWAYS_SEARCH_USER_PATHS = NO;
				CLANG_ANALYZER_NONNULL = YES;
				CLANG_ANALYZER_NUMBER_OBJECT_CONVERSION = YES_AGGRESSIVE;
				CLANG_CXX_LANGUAGE_STANDARD = "gnu++14";
				CLANG_CXX_LIBRARY = "libc++";
				CLANG_ENABLE_MODULES = YES;
				CLANG_ENABLE_OBJC_ARC = YES;
				CLANG_ENABLE_OBJC_WEAK = YES;
				CLANG_WARN_BLOCK_CAPTURE_AUTORELEASING = YES;
				CLANG_WARN_BOOL_CONVERSION = YES;
				CLANG_WARN_COMMA = YES;
				CLANG_WARN_CONSTANT_CONVERSION = YES;
				CLANG_WARN_DEPRECATED_OBJC_IMPLEMENTATIONS = YES;
				CLANG_WARN_DIRECT_OBJC_ISA_USAGE = YES_ERROR;
				CLANG_WARN_DOCUMENTATION_COMMENTS = YES;
				CLANG_WARN_EMPTY_BODY = YES;
				CLANG_WARN_ENUM_CONVERSION = YES;
				CLANG_WARN_INFINITE_RECURSION = YES;
				CLANG_WARN_INT_CONVERSION = YES;
				CLANG_WARN_NON_LITERAL_NULL_CONVERSION = YES;
				CLANG_WARN_OBJC_IMPLICIT_RETAIN_SELF = YES;
				CLANG_WARN_OBJC_LITERAL_CONVERSION = YES;
				CLANG_WARN_OBJC_ROOT_CLASS = YES_ERROR;
				CLANG_WARN_QUOTED_INCLUDE_IN_FRAMEWORK_HEADER = YES;
				CLANG_WARN_RANGE_LOOP_ANALYSIS = YES;
				CLANG_WARN_STRICT_PROTOTYPES = YES;
				CLANG_WARN_SUSPICIOUS_MOVE = YES;
				CLANG_WARN_UNGUARDED_AVAILABILITY = YES_AGGRESSIVE;
				CLANG_WARN_UNREACHABLE_CODE = YES;
				CLANG_WARN__DUPLICATE_METHOD_MATCH = YES;
				COPY_PHASE_STRIP = NO;
				DEBUG_INFORMATION_FORMAT = dwarf;
				ENABLE_STRICT_OBJC_MSGSEND = YES;
				ENABLE_TESTABILITY = YES;
				GCC_C_LANGUAGE_STANDARD = gnu11;
				GCC_DYNAMIC_NO_PIC = NO;
				GCC_NO_COMMON_BLOCKS = YES;
				GCC_OPTIMIZATION_LEVEL = 0;
				GCC_PREPROCESSOR_DEFINITIONS = (
					"DEBUG=1",
					"$(inherited)",
				);
				GCC_WARN_64_TO_32_BIT_CONVERSION = YES;
				GCC_WARN_ABOUT_RETURN_TYPE = YES_ERROR;
				GCC_WARN_UNDECLARED_SELECTOR = YES;
				GCC_WARN_UNINITIALIZED_AUTOS = YES_AGGRESSIVE;
				GCC_WARN_UNUSED_FUNCTION = YES;
				GCC_WARN_UNUSED_VARIABLE = YES;
				IPHONEOS_DEPLOYMENT_TARGET = 14.0;
				MTL_ENABLE_DEBUG_INFO = INCLUDE_SOURCE;
				MTL_FAST_MATH = YES;
				ONLY_ACTIVE_ARCH = YES;
				SDKROOT = iphoneos;
				SWIFT_ACTIVE_COMPILATION_CONDITIONS = DEBUG;
				SWIFT_OPTIMIZATION_LEVEL = "-Onone";
			};
			name = Debug;
		};
		6FE6596D2527291700883532 /* Release */ = {
			isa = XCBuildConfiguration;
			buildSettings = {
				ALWAYS_SEARCH_USER_PATHS = NO;
				CLANG_ANALYZER_NONNULL = YES;
				CLANG_ANALYZER_NUMBER_OBJECT_CONVERSION = YES_AGGRESSIVE;
				CLANG_CXX_LANGUAGE_STANDARD = "gnu++14";
				CLANG_CXX_LIBRARY = "libc++";
				CLANG_ENABLE_MODULES = YES;
				CLANG_ENABLE_OBJC_ARC = YES;
				CLANG_ENABLE_OBJC_WEAK = YES;
				CLANG_WARN_BLOCK_CAPTURE_AUTORELEASING = YES;
				CLANG_WARN_BOOL_CONVERSION = YES;
				CLANG_WARN_COMMA = YES;
				CLANG_WARN_CONSTANT_CONVERSION = YES;
				CLANG_WARN_DEPRECATED_OBJC_IMPLEMENTATIONS = YES;
				CLANG_WARN_DIRECT_OBJC_ISA_USAGE = YES_ERROR;
				CLANG_WARN_DOCUMENTATION_COMMENTS = YES;
				CLANG_WARN_EMPTY_BODY = YES;
				CLANG_WARN_ENUM_CONVERSION = YES;
				CLANG_WARN_INFINITE_RECURSION = YES;
				CLANG_WARN_INT_CONVERSION = YES;
				CLANG_WARN_NON_LITERAL_NULL_CONVERSION = YES;
				CLANG_WARN_OBJC_IMPLICIT_RETAIN_SELF = YES;
				CLANG_WARN_OBJC_LITERAL_CONVERSION = YES;
				CLANG_WARN_OBJC_ROOT_CLASS = YES_ERROR;
				CLANG_WARN_QUOTED_INCLUDE_IN_FRAMEWORK_HEADER = YES;
				CLANG_WARN_RANGE_LOOP_ANALYSIS = YES;
				CLANG_WARN_STRICT_PROTOTYPES = YES;
				CLANG_WARN_SUSPICIOUS_MOVE = YES;
				CLANG_WARN_UNGUARDED_AVAILABILITY = YES_AGGRESSIVE;
				CLANG_WARN_UNREACHABLE_CODE = YES;
				CLANG_WARN__DUPLICATE_METHOD_MATCH = YES;
				COPY_PHASE_STRIP = NO;
				DEBUG_INFORMATION_FORMAT = "dwarf-with-dsym";
				ENABLE_NS_ASSERTIONS = NO;
				ENABLE_STRICT_OBJC_MSGSEND = YES;
				GCC_C_LANGUAGE_STANDARD = gnu11;
				GCC_NO_COMMON_BLOCKS = YES;
				GCC_WARN_64_TO_32_BIT_CONVERSION = YES;
				GCC_WARN_ABOUT_RETURN_TYPE = YES_ERROR;
				GCC_WARN_UNDECLARED_SELECTOR = YES;
				GCC_WARN_UNINITIALIZED_AUTOS = YES_AGGRESSIVE;
				GCC_WARN_UNUSED_FUNCTION = YES;
				GCC_WARN_UNUSED_VARIABLE = YES;
				IPHONEOS_DEPLOYMENT_TARGET = 14.0;
				MTL_ENABLE_DEBUG_INFO = NO;
				MTL_FAST_MATH = YES;
				SDKROOT = iphoneos;
				SWIFT_COMPILATION_MODE = wholemodule;
				SWIFT_OPTIMIZATION_LEVEL = "-O";
				VALIDATE_PRODUCT = YES;
			};
			name = Release;
		};
		6FE6596F2527291700883532 /* Debug */ = {
			isa = XCBuildConfiguration;
			buildSettings = {
				ASSETCATALOG_COMPILER_APPICON_NAME = AppIcon;
				ASSETCATALOG_COMPILER_GLOBAL_ACCENT_COLOR_NAME = AccentColor;
				CODE_SIGN_STYLE = Automatic;
				DEVELOPMENT_ASSET_PATHS = "\"TicTacaToe/Preview Content\"";
				DEVELOPMENT_TEAM = SGAHDZJZ9E;
				ENABLE_PREVIEWS = YES;
				INFOPLIST_FILE = TicTacaToe/Info.plist;
				IPHONEOS_DEPLOYMENT_TARGET = 14.0;
				LD_RUNPATH_SEARCH_PATHS = (
					"$(inherited)",
					"@executable_path/Frameworks",
				);
				PRODUCT_BUNDLE_IDENTIFIER = roemer.design.TicTacaToe;
				PRODUCT_NAME = "$(TARGET_NAME)";
				SWIFT_VERSION = 5.0;
				TARGETED_DEVICE_FAMILY = "1,2";
			};
			name = Debug;
		};
		6FE659702527291700883532 /* Release */ = {
			isa = XCBuildConfiguration;
			buildSettings = {
				ASSETCATALOG_COMPILER_APPICON_NAME = AppIcon;
				ASSETCATALOG_COMPILER_GLOBAL_ACCENT_COLOR_NAME = AccentColor;
				CODE_SIGN_STYLE = Automatic;
				DEVELOPMENT_ASSET_PATHS = "\"TicTacaToe/Preview Content\"";
				DEVELOPMENT_TEAM = SGAHDZJZ9E;
				ENABLE_PREVIEWS = YES;
				INFOPLIST_FILE = TicTacaToe/Info.plist;
				IPHONEOS_DEPLOYMENT_TARGET = 14.0;
				LD_RUNPATH_SEARCH_PATHS = (
					"$(inherited)",
					"@executable_path/Frameworks",
				);
				PRODUCT_BUNDLE_IDENTIFIER = roemer.design.TicTacaToe;
				PRODUCT_NAME = "$(TARGET_NAME)";
				SWIFT_VERSION = 5.0;
				TARGETED_DEVICE_FAMILY = "1,2";
			};
			name = Release;
		};
		6FE659722527291700883532 /* Debug */ = {
			isa = XCBuildConfiguration;
			buildSettings = {
				ALWAYS_EMBED_SWIFT_STANDARD_LIBRARIES = YES;
				BUNDLE_LOADER = "$(TEST_HOST)";
				CODE_SIGN_STYLE = Automatic;
				DEVELOPMENT_TEAM = SGAHDZJZ9E;
				INFOPLIST_FILE = TicTacaToeTests/Info.plist;
				IPHONEOS_DEPLOYMENT_TARGET = 14.0;
				LD_RUNPATH_SEARCH_PATHS = (
					"$(inherited)",
					"@executable_path/Frameworks",
					"@loader_path/Frameworks",
				);
				PRODUCT_BUNDLE_IDENTIFIER = roemer.design.TicTacaToeTests;
				PRODUCT_NAME = "$(TARGET_NAME)";
				SWIFT_VERSION = 5.0;
				TARGETED_DEVICE_FAMILY = "1,2";
				TEST_HOST = "$(BUILT_PRODUCTS_DIR)/TicTacaToe.app/TicTacaToe";
			};
			name = Debug;
		};
		6FE659732527291700883532 /* Release */ = {
			isa = XCBuildConfiguration;
			buildSettings = {
				ALWAYS_EMBED_SWIFT_STANDARD_LIBRARIES = YES;
				BUNDLE_LOADER = "$(TEST_HOST)";
				CODE_SIGN_STYLE = Automatic;
				DEVELOPMENT_TEAM = SGAHDZJZ9E;
				INFOPLIST_FILE = TicTacaToeTests/Info.plist;
				IPHONEOS_DEPLOYMENT_TARGET = 14.0;
				LD_RUNPATH_SEARCH_PATHS = (
					"$(inherited)",
					"@executable_path/Frameworks",
					"@loader_path/Frameworks",
				);
				PRODUCT_BUNDLE_IDENTIFIER = roemer.design.TicTacaToeTests;
				PRODUCT_NAME = "$(TARGET_NAME)";
				SWIFT_VERSION = 5.0;
				TARGETED_DEVICE_FAMILY = "1,2";
				TEST_HOST = "$(BUILT_PRODUCTS_DIR)/TicTacaToe.app/TicTacaToe";
			};
			name = Release;
		};
		6FE659752527291700883532 /* Debug */ = {
			isa = XCBuildConfiguration;
			buildSettings = {
				ALWAYS_EMBED_SWIFT_STANDARD_LIBRARIES = YES;
				CODE_SIGN_STYLE = Automatic;
				DEVELOPMENT_TEAM = SGAHDZJZ9E;
				INFOPLIST_FILE = TicTacaToeUITests/Info.plist;
				LD_RUNPATH_SEARCH_PATHS = (
					"$(inherited)",
					"@executable_path/Frameworks",
					"@loader_path/Frameworks",
				);
				PRODUCT_BUNDLE_IDENTIFIER = roemer.design.TicTacaToeUITests;
				PRODUCT_NAME = "$(TARGET_NAME)";
				SWIFT_VERSION = 5.0;
				TARGETED_DEVICE_FAMILY = "1,2";
				TEST_TARGET_NAME = TicTacaToe;
			};
			name = Debug;
		};
		6FE659762527291700883532 /* Release */ = {
			isa = XCBuildConfiguration;
			buildSettings = {
				ALWAYS_EMBED_SWIFT_STANDARD_LIBRARIES = YES;
				CODE_SIGN_STYLE = Automatic;
				DEVELOPMENT_TEAM = SGAHDZJZ9E;
				INFOPLIST_FILE = TicTacaToeUITests/Info.plist;
				LD_RUNPATH_SEARCH_PATHS = (
					"$(inherited)",
					"@executable_path/Frameworks",
					"@loader_path/Frameworks",
				);
				PRODUCT_BUNDLE_IDENTIFIER = roemer.design.TicTacaToeUITests;
				PRODUCT_NAME = "$(TARGET_NAME)";
				SWIFT_VERSION = 5.0;
				TARGETED_DEVICE_FAMILY = "1,2";
				TEST_TARGET_NAME = TicTacaToe;
			};
			name = Release;
		};
/* End XCBuildConfiguration section */

/* Begin XCConfigurationList section */
		6FE659442527291100883532 /* Build configuration list for PBXProject "TicTacaToe" */ = {
			isa = XCConfigurationList;
			buildConfigurations = (
				6FE6596C2527291700883532 /* Debug */,
				6FE6596D2527291700883532 /* Release */,
			);
			defaultConfigurationIsVisible = 0;
			defaultConfigurationName = Release;
		};
		6FE6596E2527291700883532 /* Build configuration list for PBXNativeTarget "TicTacaToe" */ = {
			isa = XCConfigurationList;
			buildConfigurations = (
				6FE6596F2527291700883532 /* Debug */,
				6FE659702527291700883532 /* Release */,
			);
			defaultConfigurationIsVisible = 0;
			defaultConfigurationName = Release;
		};
		6FE659712527291700883532 /* Build configuration list for PBXNativeTarget "TicTacaToeTests" */ = {
			isa = XCConfigurationList;
			buildConfigurations = (
				6FE659722527291700883532 /* Debug */,
				6FE659732527291700883532 /* Release */,
			);
			defaultConfigurationIsVisible = 0;
			defaultConfigurationName = Release;
		};
		6FE659742527291700883532 /* Build configuration list for PBXNativeTarget "TicTacaToeUITests" */ = {
			isa = XCConfigurationList;
			buildConfigurations = (
				6FE659752527291700883532 /* Debug */,
				6FE659762527291700883532 /* Release */,
			);
			defaultConfigurationIsVisible = 0;
			defaultConfigurationName = Release;
		};
/* End XCConfigurationList section */
	};
	rootObject = 6FE659412527291100883532 /* Project object */;
}
